
Microsoft Visual Studio Solution File, Format Version 12.00
# Visual Studio Version 17
VisualStudioVersion = 17.8.34525.116
MinimumVisualStudioVersion = 10.0.40219.1
Project("{FAE04EC0-301F-11D3-BF4B-00C04F79EFBC}") = "JaggedArrayExample2", "JaggedArrayExample2\JaggedArrayExample2.csproj", "{EFF349DB-F7FE-46C1-A532-F7187A37336D}"
EndProject
Global
	GlobalSection(SolutionConfigurationPlatforms) = preSolution
		Debug|Any CPU = Debug|Any CPU
		Release|Any CPU = Release|Any CPU
	EndGlobalSection
	GlobalSection(ProjectConfigurationPlatforms) = postSolution
		{EFF349DB-F7FE-46C1-A532-F7187A37336D}.Debug|Any CPU.ActiveCfg = Debug|Any CPU
		{EFF349DB-F7FE-46C1-A532-F7187A37336D}.Debug|Any CPU.Build.0 = Debug|Any CPU
		{EFF349DB-F7FE-46C1-A532-F7187A37336D}.Release|Any CPU.ActiveCfg = Release|Any CPU
		{EFF349DB-F7FE-46C1-A532-F7187A37336D}.Release|Any CPU.Build.0 = Release|Any CPU
	EndGlobalSection
	GlobalSection(SolutionProperties) = preSolution
		HideSolutionNode = FALSE
	EndGlobalSection
	GlobalSection(ExtensibilityGlobals) = postSolution
		SolutionGuid = {6CFB8F4F-C36E-4684-84CF-E2B96BCBFBD4}
	EndGlobalSection
EndGlobal
