
Microsoft Visual Studio Solution File, Format Version 12.00
# Visual Studio Version 17
VisualStudioVersion = 17.8.34525.116
MinimumVisualStudioVersion = 10.0.40219.1
Project("{FAE04EC0-301F-11D3-BF4B-00C04F79EFBC}") = "Ex2 - Applying ISP - Printer", "Ex2 - Applying ISP - Printer.csproj", "{40C7B921-EA1F-4C04-B968-B341A9455603}"
EndProject
Global
	GlobalSection(SolutionConfigurationPlatforms) = preSolution
		Debug|Any CPU = Debug|Any CPU
		Release|Any CPU = Release|Any CPU
	EndGlobalSection
	GlobalSection(ProjectConfigurationPlatforms) = postSolution
		{40C7B921-EA1F-4C04-B968-B341A9455603}.Debug|Any CPU.ActiveCfg = Debug|Any CPU
		{40C7B921-EA1F-4C04-B968-B341A9455603}.Debug|Any CPU.Build.0 = Debug|Any CPU
		{40C7B921-EA1F-4C04-B968-B341A9455603}.Release|Any CPU.ActiveCfg = Release|Any CPU
		{40C7B921-EA1F-4C04-B968-B341A9455603}.Release|Any CPU.Build.0 = Release|Any CPU
	EndGlobalSection
	GlobalSection(SolutionProperties) = preSolution
		HideSolutionNode = FALSE
	EndGlobalSection
	GlobalSection(ExtensibilityGlobals) = postSolution
		SolutionGuid = {97B7B6F4-AF91-4649-8366-5DBC84913CCB}
	EndGlobalSection
EndGlobal
