
Microsoft Visual Studio Solution File, Format Version 12.00
# Visual Studio Version 17
VisualStudioVersion = 17.4.33213.308
MinimumVisualStudioVersion = 10.0.40219.1
Project("{FAE04EC0-301F-11D3-BF4B-00C04F79EFBC}") = "TestMyFirstClassLibraryProject", "TestMyFirstClassLibraryProject.csproj", "{5312A2ED-2E7F-42B3-88F2-EB08B4CD9236}"
EndProject
Project("{FAE04EC0-301F-11D3-BF4B-00C04F79EFBC}") = "MyFirstClassLibrary", "..\MyFirstClassLibrary\MyFirstClassLibrary.csproj", "{97905C57-CFE4-499A-BBD7-61D153F44B04}"
EndProject
Global
	GlobalSection(SolutionConfigurationPlatforms) = preSolution
		Debug|Any CPU = Debug|Any CPU
		Release|Any CPU = Release|Any CPU
	EndGlobalSection
	GlobalSection(ProjectConfigurationPlatforms) = postSolution
		{5312A2ED-2E7F-42B3-88F2-EB08B4CD9236}.Debug|Any CPU.ActiveCfg = Debug|Any CPU
		{5312A2ED-2E7F-42B3-88F2-EB08B4CD9236}.Debug|Any CPU.Build.0 = Debug|Any CPU
		{5312A2ED-2E7F-42B3-88F2-EB08B4CD9236}.Release|Any CPU.ActiveCfg = Release|Any CPU
		{5312A2ED-2E7F-42B3-88F2-EB08B4CD9236}.Release|Any CPU.Build.0 = Release|Any CPU
		{97905C57-CFE4-499A-BBD7-61D153F44B04}.Debug|Any CPU.ActiveCfg = Debug|Any CPU
		{97905C57-CFE4-499A-BBD7-61D153F44B04}.Debug|Any CPU.Build.0 = Debug|Any CPU
		{97905C57-CFE4-499A-BBD7-61D153F44B04}.Release|Any CPU.ActiveCfg = Release|Any CPU
		{97905C57-CFE4-499A-BBD7-61D153F44B04}.Release|Any CPU.Build.0 = Release|Any CPU
	EndGlobalSection
	GlobalSection(SolutionProperties) = preSolution
		HideSolutionNode = FALSE
	EndGlobalSection
	GlobalSection(ExtensibilityGlobals) = postSolution
		SolutionGuid = {A422E145-0B1F-4165-B02B-3C0B5C42D39E}
	EndGlobalSection
EndGlobal
