
Microsoft Visual Studio Solution File, Format Version 12.00
# Visual Studio Version 17
VisualStudioVersion = 17.8.34525.116
MinimumVisualStudioVersion = 10.0.40219.1
Project("{FAE04EC0-301F-11D3-BF4B-00C04F79EFBC}") = "BT PreOrder Implementation", "BT Implementation\BT PreOrder Implementation.csproj", "{9454FF89-2DF8-436B-B7C5-19F58A486271}"
EndProject
Global
	GlobalSection(SolutionConfigurationPlatforms) = preSolution
		Debug|Any CPU = Debug|Any CPU
		Release|Any CPU = Release|Any CPU
	EndGlobalSection
	GlobalSection(ProjectConfigurationPlatforms) = postSolution
		{9454FF89-2DF8-436B-B7C5-19F58A486271}.Debug|Any CPU.ActiveCfg = Debug|Any CPU
		{9454FF89-2DF8-436B-B7C5-19F58A486271}.Debug|Any CPU.Build.0 = Debug|Any CPU
		{9454FF89-2DF8-436B-B7C5-19F58A486271}.Release|Any CPU.ActiveCfg = Release|Any CPU
		{9454FF89-2DF8-436B-B7C5-19F58A486271}.Release|Any CPU.Build.0 = Release|Any CPU
	EndGlobalSection
	GlobalSection(SolutionProperties) = preSolution
		HideSolutionNode = FALSE
	EndGlobalSection
	GlobalSection(ExtensibilityGlobals) = postSolution
		SolutionGuid = {CF7CA8C3-BF33-4607-AF8E-013AD51620D9}
	EndGlobalSection
EndGlobal
