
Microsoft Visual Studio Solution File, Format Version 12.00
# Visual Studio Version 17
VisualStudioVersion = 17.4.33213.308
MinimumVisualStudioVersion = 10.0.40219.1
Project("{FAE04EC0-301F-11D3-BF4B-00C04F79EFBC}") = "ReadOnly Properties", "ReadOnly Properties.csproj", "{23AFF007-E0C4-4C4E-81DC-F21B72A44AF2}"
EndProject
Global
	GlobalSection(SolutionConfigurationPlatforms) = preSolution
		Debug|Any CPU = Debug|Any CPU
		Release|Any CPU = Release|Any CPU
	EndGlobalSection
	GlobalSection(ProjectConfigurationPlatforms) = postSolution
		{23AFF007-E0C4-4C4E-81DC-F21B72A44AF2}.Debug|Any CPU.ActiveCfg = Debug|Any CPU
		{23AFF007-E0C4-4C4E-81DC-F21B72A44AF2}.Debug|Any CPU.Build.0 = Debug|Any CPU
		{23AFF007-E0C4-4C4E-81DC-F21B72A44AF2}.Release|Any CPU.ActiveCfg = Release|Any CPU
		{23AFF007-E0C4-4C4E-81DC-F21B72A44AF2}.Release|Any CPU.Build.0 = Release|Any CPU
	EndGlobalSection
	GlobalSection(SolutionProperties) = preSolution
		HideSolutionNode = FALSE
	EndGlobalSection
	GlobalSection(ExtensibilityGlobals) = postSolution
		SolutionGuid = {A56B72C6-7B60-464D-B927-2846F99C623A}
	EndGlobalSection
EndGlobal
