
Microsoft Visual Studio Solution File, Format Version 12.00
# Visual Studio Version 17
VisualStudioVersion = 17.4.33213.308
MinimumVisualStudioVersion = 10.0.40219.1
Project("{FAE04EC0-301F-11D3-BF4B-00C04F79EFBC}") = "Navigate String Library using Reflection", "Navigate String Library using Reflection.csproj", "{2BE12DC4-4E30-477F-8178-256F754E2311}"
EndProject
Global
	GlobalSection(SolutionConfigurationPlatforms) = preSolution
		Debug|Any CPU = Debug|Any CPU
		Release|Any CPU = Release|Any CPU
	EndGlobalSection
	GlobalSection(ProjectConfigurationPlatforms) = postSolution
		{2BE12DC4-4E30-477F-8178-256F754E2311}.Debug|Any CPU.ActiveCfg = Debug|Any CPU
		{2BE12DC4-4E30-477F-8178-256F754E2311}.Debug|Any CPU.Build.0 = Debug|Any CPU
		{2BE12DC4-4E30-477F-8178-256F754E2311}.Release|Any CPU.ActiveCfg = Release|Any CPU
		{2BE12DC4-4E30-477F-8178-256F754E2311}.Release|Any CPU.Build.0 = Release|Any CPU
	EndGlobalSection
	GlobalSection(SolutionProperties) = preSolution
		HideSolutionNode = FALSE
	EndGlobalSection
	GlobalSection(ExtensibilityGlobals) = postSolution
		SolutionGuid = {9E3B4CA7-DAC3-4AE9-B3D6-E144D92F2467}
	EndGlobalSection
EndGlobal
