
Microsoft Visual Studio Solution File, Format Version 12.00
# Visual Studio Version 17
VisualStudioVersion = 17.8.34525.116
MinimumVisualStudioVersion = 10.0.40219.1
Project("{FAE04EC0-301F-11D3-BF4B-00C04F79EFBC}") = "Shortest-Path - Dijkstra's Algorithm", "Shortest-Path - Dijkstra's Algorithm.csproj", "{48A42727-A634-4541-BF57-5E182920A9A2}"
EndProject
Global
	GlobalSection(SolutionConfigurationPlatforms) = preSolution
		Debug|Any CPU = Debug|Any CPU
		Release|Any CPU = Release|Any CPU
	EndGlobalSection
	GlobalSection(ProjectConfigurationPlatforms) = postSolution
		{48A42727-A634-4541-BF57-5E182920A9A2}.Debug|Any CPU.ActiveCfg = Debug|Any CPU
		{48A42727-A634-4541-BF57-5E182920A9A2}.Debug|Any CPU.Build.0 = Debug|Any CPU
		{48A42727-A634-4541-BF57-5E182920A9A2}.Release|Any CPU.ActiveCfg = Release|Any CPU
		{48A42727-A634-4541-BF57-5E182920A9A2}.Release|Any CPU.Build.0 = Release|Any CPU
	EndGlobalSection
	GlobalSection(SolutionProperties) = preSolution
		HideSolutionNode = FALSE
	EndGlobalSection
	GlobalSection(ExtensibilityGlobals) = postSolution
		SolutionGuid = {FFB63FCF-3BE4-4708-A331-B635249CAA4E}
	EndGlobalSection
EndGlobal
