
Microsoft Visual Studio Solution File, Format Version 12.00
# Visual Studio Version 17
VisualStudioVersion = 17.4.33213.308
MinimumVisualStudioVersion = 10.0.40219.1
Project("{FAE04EC0-301F-11D3-BF4B-00C04F79EFBC}") = "OrderPublisher-Sub", "OrderPublisher-Sub.csproj", "{1E75058B-F194-4421-B198-F7C555CA2A9B}"
EndProject
Global
	GlobalSection(SolutionConfigurationPlatforms) = preSolution
		Debug|Any CPU = Debug|Any CPU
		Release|Any CPU = Release|Any CPU
	EndGlobalSection
	GlobalSection(ProjectConfigurationPlatforms) = postSolution
		{1E75058B-F194-4421-B198-F7C555CA2A9B}.Debug|Any CPU.ActiveCfg = Debug|Any CPU
		{1E75058B-F194-4421-B198-F7C555CA2A9B}.Debug|Any CPU.Build.0 = Debug|Any CPU
		{1E75058B-F194-4421-B198-F7C555CA2A9B}.Release|Any CPU.ActiveCfg = Release|Any CPU
		{1E75058B-F194-4421-B198-F7C555CA2A9B}.Release|Any CPU.Build.0 = Release|Any CPU
	EndGlobalSection
	GlobalSection(SolutionProperties) = preSolution
		HideSolutionNode = FALSE
	EndGlobalSection
	GlobalSection(ExtensibilityGlobals) = postSolution
		SolutionGuid = {2DA8A6B8-5473-4183-A7A1-2B368D128CA2}
	EndGlobalSection
EndGlobal
