
Microsoft Visual Studio Solution File, Format Version 12.00
# Visual Studio Version 17
VisualStudioVersion = 17.4.33213.308
MinimumVisualStudioVersion = 10.0.40219.1
Project("{FAE04EC0-301F-11D3-BF4B-00C04F79EFBC}") = "Example", "Example.csproj", "{55C12772-6098-43B1-8D83-C8D2B09E4BC7}"
EndProject
Global
	GlobalSection(SolutionConfigurationPlatforms) = preSolution
		Debug|Any CPU = Debug|Any CPU
		Release|Any CPU = Release|Any CPU
	EndGlobalSection
	GlobalSection(ProjectConfigurationPlatforms) = postSolution
		{55C12772-6098-43B1-8D83-C8D2B09E4BC7}.Debug|Any CPU.ActiveCfg = Debug|Any CPU
		{55C12772-6098-43B1-8D83-C8D2B09E4BC7}.Debug|Any CPU.Build.0 = Debug|Any CPU
		{55C12772-6098-43B1-8D83-C8D2B09E4BC7}.Release|Any CPU.ActiveCfg = Release|Any CPU
		{55C12772-6098-43B1-8D83-C8D2B09E4BC7}.Release|Any CPU.Build.0 = Release|Any CPU
	EndGlobalSection
	GlobalSection(SolutionProperties) = preSolution
		HideSolutionNode = FALSE
	EndGlobalSection
	GlobalSection(ExtensibilityGlobals) = postSolution
		SolutionGuid = {C6B884F4-8032-4D20-A508-9F16EB6C8CB1}
	EndGlobalSection
EndGlobal
