
Microsoft Visual Studio Solution File, Format Version 12.00
# Visual Studio Version 17
VisualStudioVersion = 17.8.34525.116
MinimumVisualStudioVersion = 10.0.40219.1
Project("{FAE04EC0-301F-11D3-BF4B-00C04F79EFBC}") = "Ex1 - Violate DIP - Report", "Ex1 - Violate DIP - Report.csproj", "{E3F7FD1F-3C9D-4FC8-A7D0-C317C3766AAB}"
EndProject
Global
	GlobalSection(SolutionConfigurationPlatforms) = preSolution
		Debug|Any CPU = Debug|Any CPU
		Release|Any CPU = Release|Any CPU
	EndGlobalSection
	GlobalSection(ProjectConfigurationPlatforms) = postSolution
		{E3F7FD1F-3C9D-4FC8-A7D0-C317C3766AAB}.Debug|Any CPU.ActiveCfg = Debug|Any CPU
		{E3F7FD1F-3C9D-4FC8-A7D0-C317C3766AAB}.Debug|Any CPU.Build.0 = Debug|Any CPU
		{E3F7FD1F-3C9D-4FC8-A7D0-C317C3766AAB}.Release|Any CPU.ActiveCfg = Release|Any CPU
		{E3F7FD1F-3C9D-4FC8-A7D0-C317C3766AAB}.Release|Any CPU.Build.0 = Release|Any CPU
	EndGlobalSection
	GlobalSection(SolutionProperties) = preSolution
		HideSolutionNode = FALSE
	EndGlobalSection
	GlobalSection(ExtensibilityGlobals) = postSolution
		SolutionGuid = {3D631C8A-E3C6-4673-9A59-85461239958D}
	EndGlobalSection
EndGlobal
