
Microsoft Visual Studio Solution File, Format Version 12.00
# Visual Studio Version 17
VisualStudioVersion = 17.4.33213.308
MinimumVisualStudioVersion = 10.0.40219.1
Project("{FAE04EC0-301F-11D3-BF4B-00C04F79EFBC}") = "CreatingAddingElements", "CreatingAddingElements.csproj", "{CBF1D7BA-6B44-4048-9B61-8246BDDFDB17}"
EndProject
Global
	GlobalSection(SolutionConfigurationPlatforms) = preSolution
		Debug|Any CPU = Debug|Any CPU
		Release|Any CPU = Release|Any CPU
	EndGlobalSection
	GlobalSection(ProjectConfigurationPlatforms) = postSolution
		{CBF1D7BA-6B44-4048-9B61-8246BDDFDB17}.Debug|Any CPU.ActiveCfg = Debug|Any CPU
		{CBF1D7BA-6B44-4048-9B61-8246BDDFDB17}.Debug|Any CPU.Build.0 = Debug|Any CPU
		{CBF1D7BA-6B44-4048-9B61-8246BDDFDB17}.Release|Any CPU.ActiveCfg = Release|Any CPU
		{CBF1D7BA-6B44-4048-9B61-8246BDDFDB17}.Release|Any CPU.Build.0 = Release|Any CPU
	EndGlobalSection
	GlobalSection(SolutionProperties) = preSolution
		HideSolutionNode = FALSE
	EndGlobalSection
	GlobalSection(ExtensibilityGlobals) = postSolution
		SolutionGuid = {41126D09-0A1C-4EE6-8F29-2C4A1CDC724B}
	EndGlobalSection
EndGlobal
