
Microsoft Visual Studio Solution File, Format Version 12.00
# Visual Studio Version 17
VisualStudioVersion = 17.4.33213.308
MinimumVisualStudioVersion = 10.0.40219.1
Project("{FAE04EC0-301F-11D3-BF4B-00C04F79EFBC}") = "Method Overriding and Base Keyword", "Method Overriding and Base Keyword.csproj", "{434E0482-E844-4099-857D-F6C7AFC1D88E}"
EndProject
Global
	GlobalSection(SolutionConfigurationPlatforms) = preSolution
		Debug|Any CPU = Debug|Any CPU
		Release|Any CPU = Release|Any CPU
	EndGlobalSection
	GlobalSection(ProjectConfigurationPlatforms) = postSolution
		{434E0482-E844-4099-857D-F6C7AFC1D88E}.Debug|Any CPU.ActiveCfg = Debug|Any CPU
		{434E0482-E844-4099-857D-F6C7AFC1D88E}.Debug|Any CPU.Build.0 = Debug|Any CPU
		{434E0482-E844-4099-857D-F6C7AFC1D88E}.Release|Any CPU.ActiveCfg = Release|Any CPU
		{434E0482-E844-4099-857D-F6C7AFC1D88E}.Release|Any CPU.Build.0 = Release|Any CPU
	EndGlobalSection
	GlobalSection(SolutionProperties) = preSolution
		HideSolutionNode = FALSE
	EndGlobalSection
	GlobalSection(ExtensibilityGlobals) = postSolution
		SolutionGuid = {BDD34935-759E-428B-816C-4D5AB0FE22EA}
	EndGlobalSection
EndGlobal
