
Microsoft Visual Studio Solution File, Format Version 12.00
# Visual Studio Version 17
VisualStudioVersion = 17.4.33213.308
MinimumVisualStudioVersion = 10.0.40219.1
Project("{FAE04EC0-301F-11D3-BF4B-00C04F79EFBC}") = "Calculator", "Calculator.csproj", "{A6A5A748-AE5A-4C47-90CE-58EFEDBBF283}"
EndProject
Global
	GlobalSection(SolutionConfigurationPlatforms) = preSolution
		Debug|Any CPU = Debug|Any CPU
		Release|Any CPU = Release|Any CPU
	EndGlobalSection
	GlobalSection(ProjectConfigurationPlatforms) = postSolution
		{A6A5A748-AE5A-4C47-90CE-58EFEDBBF283}.Debug|Any CPU.ActiveCfg = Debug|Any CPU
		{A6A5A748-AE5A-4C47-90CE-58EFEDBBF283}.Debug|Any CPU.Build.0 = Debug|Any CPU
		{A6A5A748-AE5A-4C47-90CE-58EFEDBBF283}.Release|Any CPU.ActiveCfg = Release|Any CPU
		{A6A5A748-AE5A-4C47-90CE-58EFEDBBF283}.Release|Any CPU.Build.0 = Release|Any CPU
	EndGlobalSection
	GlobalSection(SolutionProperties) = preSolution
		HideSolutionNode = FALSE
	EndGlobalSection
	GlobalSection(ExtensibilityGlobals) = postSolution
		SolutionGuid = {AFF0DB12-7A91-4499-8461-443DCB3F1804}
	EndGlobalSection
EndGlobal
