
Microsoft Visual Studio Solution File, Format Version 12.00
# Visual Studio Version 17
VisualStudioVersion = 17.8.34525.116
MinimumVisualStudioVersion = 10.0.40219.1
Project("{FAE04EC0-301F-11D3-BF4B-00C04F79EFBC}") = "Implementing Search  in AVL Tree", "Implementing AVL Tree\Implementing Search  in AVL Tree.csproj", "{F03789E4-B61C-4620-B8C1-E70F635A78C2}"
EndProject
Global
	GlobalSection(SolutionConfigurationPlatforms) = preSolution
		Debug|Any CPU = Debug|Any CPU
		Release|Any CPU = Release|Any CPU
	EndGlobalSection
	GlobalSection(ProjectConfigurationPlatforms) = postSolution
		{F03789E4-B61C-4620-B8C1-E70F635A78C2}.Debug|Any CPU.ActiveCfg = Debug|Any CPU
		{F03789E4-B61C-4620-B8C1-E70F635A78C2}.Debug|Any CPU.Build.0 = Debug|Any CPU
		{F03789E4-B61C-4620-B8C1-E70F635A78C2}.Release|Any CPU.ActiveCfg = Release|Any CPU
		{F03789E4-B61C-4620-B8C1-E70F635A78C2}.Release|Any CPU.Build.0 = Release|Any CPU
	EndGlobalSection
	GlobalSection(SolutionProperties) = preSolution
		HideSolutionNode = FALSE
	EndGlobalSection
	GlobalSection(ExtensibilityGlobals) = postSolution
		SolutionGuid = {A4996165-3663-4754-9326-59C7D3B9A262}
	EndGlobalSection
EndGlobal
