Microsoft Visual Studio Solution File, Format Version 12.00
# Visual Studio Version 17
VisualStudioVersion = 17.5.2.0
MinimumVisualStudioVersion = 10.0.40219.1
Project("{FAE04EC0-301F-11D3-BF4B-00C04F79EFBC}") = "BSTImplementation", "BSTImplementation.csproj", "{894132C4-A418-36C3-A8C7-15CFE491B914}"
EndProject
Global
	GlobalSection(SolutionConfigurationPlatforms) = preSolution
		Debug|Any CPU = Debug|Any CPU
		Release|Any CPU = Release|Any CPU
	EndGlobalSection
	GlobalSection(ProjectConfigurationPlatforms) = postSolution
		{894132C4-A418-36C3-A8C7-15CFE491B914}.Debug|Any CPU.ActiveCfg = Debug|Any CPU
		{894132C4-A418-36C3-A8C7-15CFE491B914}.Debug|Any CPU.Build.0 = Debug|Any CPU
		{894132C4-A418-36C3-A8C7-15CFE491B914}.Release|Any CPU.ActiveCfg = Release|Any CPU
		{894132C4-A418-36C3-A8C7-15CFE491B914}.Release|Any CPU.Build.0 = Release|Any CPU
	EndGlobalSection
	GlobalSection(SolutionProperties) = preSolution
		HideSolutionNode = FALSE
	EndGlobalSection
	GlobalSection(ExtensibilityGlobals) = postSolution
		SolutionGuid = {3CEFF240-2354-4CA0-BC01-5023618BAC7E}
	EndGlobalSection
EndGlobal
