
Microsoft Visual Studio Solution File, Format Version 12.00
# Visual Studio Version 17
VisualStudioVersion = 17.8.34525.116
MinimumVisualStudioVersion = 10.0.40219.1
Project("{FAE04EC0-301F-11D3-BF4B-00C04F79EFBC}") = "Interface Inheritance", "Interface Inheritance.csproj", "{CF5438CE-EBC2-4729-B6BE-E418596AE884}"
EndProject
Global
	GlobalSection(SolutionConfigurationPlatforms) = preSolution
		Debug|Any CPU = Debug|Any CPU
		Release|Any CPU = Release|Any CPU
	EndGlobalSection
	GlobalSection(ProjectConfigurationPlatforms) = postSolution
		{CF5438CE-EBC2-4729-B6BE-E418596AE884}.Debug|Any CPU.ActiveCfg = Debug|Any CPU
		{CF5438CE-EBC2-4729-B6BE-E418596AE884}.Debug|Any CPU.Build.0 = Debug|Any CPU
		{CF5438CE-EBC2-4729-B6BE-E418596AE884}.Release|Any CPU.ActiveCfg = Release|Any CPU
		{CF5438CE-EBC2-4729-B6BE-E418596AE884}.Release|Any CPU.Build.0 = Release|Any CPU
	EndGlobalSection
	GlobalSection(SolutionProperties) = preSolution
		HideSolutionNode = FALSE
	EndGlobalSection
	GlobalSection(ExtensibilityGlobals) = postSolution
		SolutionGuid = {4AC41869-CBA8-4FB0-AFBA-125553DAA2A9}
	EndGlobalSection
EndGlobal
