
Microsoft Visual Studio Solution File, Format Version 12.00
# Visual Studio Version 17
VisualStudioVersion = 17.4.33213.308
MinimumVisualStudioVersion = 10.0.40219.1
Project("{FAE04EC0-301F-11D3-BF4B-00C04F79EFBC}") = "SendDataBackToFromUsingDelgate", "SendDataBackToFromUsingDelgate.csproj", "{4ED72BC1-E294-4835-8C80-C294439E9C82}"
EndProject
Global
	GlobalSection(SolutionConfigurationPlatforms) = preSolution
		Debug|Any CPU = Debug|Any CPU
		Release|Any CPU = Release|Any CPU
	EndGlobalSection
	GlobalSection(ProjectConfigurationPlatforms) = postSolution
		{4ED72BC1-E294-4835-8C80-C294439E9C82}.Debug|Any CPU.ActiveCfg = Debug|Any CPU
		{4ED72BC1-E294-4835-8C80-C294439E9C82}.Debug|Any CPU.Build.0 = Debug|Any CPU
		{4ED72BC1-E294-4835-8C80-C294439E9C82}.Release|Any CPU.ActiveCfg = Release|Any CPU
		{4ED72BC1-E294-4835-8C80-C294439E9C82}.Release|Any CPU.Build.0 = Release|Any CPU
	EndGlobalSection
	GlobalSection(SolutionProperties) = preSolution
		HideSolutionNode = FALSE
	EndGlobalSection
	GlobalSection(ExtensibilityGlobals) = postSolution
		SolutionGuid = {9982920C-0C15-422B-9E98-68C58493E498}
	EndGlobalSection
EndGlobal
