
Microsoft Visual Studio Solution File, Format Version 12.00
# Visual Studio Version 17
VisualStudioVersion = 17.4.33213.308
MinimumVisualStudioVersion = 10.0.40219.1
Project("{FAE04EC0-301F-11D3-BF4B-00C04F79EFBC}") = "XO-Game-Final", "XO-Game-Final.csproj", "{A427ABA3-88F4-4831-9579-A3A35D415713}"
EndProject
Global
	GlobalSection(SolutionConfigurationPlatforms) = preSolution
		Debug|Any CPU = Debug|Any CPU
		Release|Any CPU = Release|Any CPU
	EndGlobalSection
	GlobalSection(ProjectConfigurationPlatforms) = postSolution
		{A427ABA3-88F4-4831-9579-A3A35D415713}.Debug|Any CPU.ActiveCfg = Debug|Any CPU
		{A427ABA3-88F4-4831-9579-A3A35D415713}.Debug|Any CPU.Build.0 = Debug|Any CPU
		{A427ABA3-88F4-4831-9579-A3A35D415713}.Release|Any CPU.ActiveCfg = Release|Any CPU
		{A427ABA3-88F4-4831-9579-A3A35D415713}.Release|Any CPU.Build.0 = Release|Any CPU
	EndGlobalSection
	GlobalSection(SolutionProperties) = preSolution
		HideSolutionNode = FALSE
	EndGlobalSection
	GlobalSection(ExtensibilityGlobals) = postSolution
		SolutionGuid = {7C5B9C86-CB88-4D20-BC0B-353228EA8644}
	EndGlobalSection
EndGlobal
