
Microsoft Visual Studio Solution File, Format Version 12.00
# Visual Studio Version 17
VisualStudioVersion = 17.8.34525.116
MinimumVisualStudioVersion = 10.0.40219.1
Project("{FAE04EC0-301F-11D3-BF4B-00C04F79EFBC}") = "Change WallPaper", "Change WallPaper\Change WallPaper.csproj", "{AC468A96-ADF4-4018-83C2-BC33F98C5044}"
EndProject
Global
	GlobalSection(SolutionConfigurationPlatforms) = preSolution
		Debug|Any CPU = Debug|Any CPU
		Release|Any CPU = Release|Any CPU
	EndGlobalSection
	GlobalSection(ProjectConfigurationPlatforms) = postSolution
		{AC468A96-ADF4-4018-83C2-BC33F98C5044}.Debug|Any CPU.ActiveCfg = Debug|Any CPU
		{AC468A96-ADF4-4018-83C2-BC33F98C5044}.Debug|Any CPU.Build.0 = Debug|Any CPU
		{AC468A96-ADF4-4018-83C2-BC33F98C5044}.Release|Any CPU.ActiveCfg = Release|Any CPU
		{AC468A96-ADF4-4018-83C2-BC33F98C5044}.Release|Any CPU.Build.0 = Release|Any CPU
	EndGlobalSection
	GlobalSection(SolutionProperties) = preSolution
		HideSolutionNode = FALSE
	EndGlobalSection
	GlobalSection(ExtensibilityGlobals) = postSolution
		SolutionGuid = {107565B5-4EA2-4975-ADC3-F2156C0E6078}
	EndGlobalSection
EndGlobal
