
Microsoft Visual Studio Solution File, Format Version 12.00
# Visual Studio Version 17
VisualStudioVersion = 17.8.34525.116
MinimumVisualStudioVersion = 10.0.40219.1
Project("{FAE04EC0-301F-11D3-BF4B-00C04F79EFBC}") = "HeapDS Insert Opertaion", "HeapDS Insert Opertaion.csproj", "{706D0D73-130E-4ADA-B7B1-B9D0148AEE25}"
EndProject
Global
	GlobalSection(SolutionConfigurationPlatforms) = preSolution
		Debug|Any CPU = Debug|Any CPU
		Release|Any CPU = Release|Any CPU
	EndGlobalSection
	GlobalSection(ProjectConfigurationPlatforms) = postSolution
		{706D0D73-130E-4ADA-B7B1-B9D0148AEE25}.Debug|Any CPU.ActiveCfg = Debug|Any CPU
		{706D0D73-130E-4ADA-B7B1-B9D0148AEE25}.Debug|Any CPU.Build.0 = Debug|Any CPU
		{706D0D73-130E-4ADA-B7B1-B9D0148AEE25}.Release|Any CPU.ActiveCfg = Release|Any CPU
		{706D0D73-130E-4ADA-B7B1-B9D0148AEE25}.Release|Any CPU.Build.0 = Release|Any CPU
	EndGlobalSection
	GlobalSection(SolutionProperties) = preSolution
		HideSolutionNode = FALSE
	EndGlobalSection
	GlobalSection(ExtensibilityGlobals) = postSolution
		SolutionGuid = {0EA5694F-DE45-4832-A060-174E1E072C24}
	EndGlobalSection
EndGlobal
