
Microsoft Visual Studio Solution File, Format Version 12.00
# Visual Studio Version 17
VisualStudioVersion = 17.4.33213.308
MinimumVisualStudioVersion = 10.0.40219.1
Project("{FAE04EC0-301F-11D3-BF4B-00C04F79EFBC}") = "Conditional Attribute Example", "Conditional Attribute Example.csproj", "{621CC024-B550-4901-A7BD-64B0DC7C725E}"
EndProject
Global
	GlobalSection(SolutionConfigurationPlatforms) = preSolution
		Debug|Any CPU = Debug|Any CPU
		Release|Any CPU = Release|Any CPU
	EndGlobalSection
	GlobalSection(ProjectConfigurationPlatforms) = postSolution
		{621CC024-B550-4901-A7BD-64B0DC7C725E}.Debug|Any CPU.ActiveCfg = Debug|Any CPU
		{621CC024-B550-4901-A7BD-64B0DC7C725E}.Debug|Any CPU.Build.0 = Debug|Any CPU
		{621CC024-B550-4901-A7BD-64B0DC7C725E}.Release|Any CPU.ActiveCfg = Release|Any CPU
		{621CC024-B550-4901-A7BD-64B0DC7C725E}.Release|Any CPU.Build.0 = Release|Any CPU
	EndGlobalSection
	GlobalSection(SolutionProperties) = preSolution
		HideSolutionNode = FALSE
	EndGlobalSection
	GlobalSection(ExtensibilityGlobals) = postSolution
		SolutionGuid = {D514CDAA-AA6F-4E6C-B973-4EBEFE2B9DBB}
	EndGlobalSection
EndGlobal
