
Microsoft Visual Studio Solution File, Format Version 12.00
# Visual Studio Version 17
VisualStudioVersion = 17.4.33213.308
MinimumVisualStudioVersion = 10.0.40219.1
Project("{FAE04EC0-301F-11D3-BF4B-00C04F79EFBC}") = "Parallel.For Example", "Parallel.For Example.csproj", "{F7664C07-F1E2-495C-95F2-535E7E81B7DA}"
EndProject
Global
	GlobalSection(SolutionConfigurationPlatforms) = preSolution
		Debug|Any CPU = Debug|Any CPU
		Release|Any CPU = Release|Any CPU
	EndGlobalSection
	GlobalSection(ProjectConfigurationPlatforms) = postSolution
		{F7664C07-F1E2-495C-95F2-535E7E81B7DA}.Debug|Any CPU.ActiveCfg = Debug|Any CPU
		{F7664C07-F1E2-495C-95F2-535E7E81B7DA}.Debug|Any CPU.Build.0 = Debug|Any CPU
		{F7664C07-F1E2-495C-95F2-535E7E81B7DA}.Release|Any CPU.ActiveCfg = Release|Any CPU
		{F7664C07-F1E2-495C-95F2-535E7E81B7DA}.Release|Any CPU.Build.0 = Release|Any CPU
	EndGlobalSection
	GlobalSection(SolutionProperties) = preSolution
		HideSolutionNode = FALSE
	EndGlobalSection
	GlobalSection(ExtensibilityGlobals) = postSolution
		SolutionGuid = {EC19517E-B3A8-4D75-86B5-12BBA173EB4A}
	EndGlobalSection
EndGlobal
