
Microsoft Visual Studio Solution File, Format Version 12.00
# Visual Studio Version 17
VisualStudioVersion = 17.8.34525.116
MinimumVisualStudioVersion = 10.0.40219.1
Project("{FAE04EC0-301F-11D3-BF4B-00C04F79EFBC}") = "RedBlackTree-Delete", "RedBlackTree-Delete.csproj", "{7D1F8A8B-3A24-4BD8-BB9C-16C75D4B71B4}"
EndProject
Global
	GlobalSection(SolutionConfigurationPlatforms) = preSolution
		Debug|Any CPU = Debug|Any CPU
		Release|Any CPU = Release|Any CPU
	EndGlobalSection
	GlobalSection(ProjectConfigurationPlatforms) = postSolution
		{7D1F8A8B-3A24-4BD8-BB9C-16C75D4B71B4}.Debug|Any CPU.ActiveCfg = Debug|Any CPU
		{7D1F8A8B-3A24-4BD8-BB9C-16C75D4B71B4}.Debug|Any CPU.Build.0 = Debug|Any CPU
		{7D1F8A8B-3A24-4BD8-BB9C-16C75D4B71B4}.Release|Any CPU.ActiveCfg = Release|Any CPU
		{7D1F8A8B-3A24-4BD8-BB9C-16C75D4B71B4}.Release|Any CPU.Build.0 = Release|Any CPU
	EndGlobalSection
	GlobalSection(SolutionProperties) = preSolution
		HideSolutionNode = FALSE
	EndGlobalSection
	GlobalSection(ExtensibilityGlobals) = postSolution
		SolutionGuid = {9008C6F0-EC9D-4954-9626-1FEE479BF754}
	EndGlobalSection
EndGlobal
