
Microsoft Visual Studio Solution File, Format Version 12.00
# Visual Studio Version 17
VisualStudioVersion = 17.4.33213.308
MinimumVisualStudioVersion = 10.0.40219.1
Project("{FAE04EC0-301F-11D3-BF4B-00C04F79EFBC}") = "Partial Method", "Partial Method.csproj", "{4961FAE8-D2B2-48AD-8754-9F4E664078F5}"
EndProject
Global
	GlobalSection(SolutionConfigurationPlatforms) = preSolution
		Debug|Any CPU = Debug|Any CPU
		Release|Any CPU = Release|Any CPU
	EndGlobalSection
	GlobalSection(ProjectConfigurationPlatforms) = postSolution
		{4961FAE8-D2B2-48AD-8754-9F4E664078F5}.Debug|Any CPU.ActiveCfg = Debug|Any CPU
		{4961FAE8-D2B2-48AD-8754-9F4E664078F5}.Debug|Any CPU.Build.0 = Debug|Any CPU
		{4961FAE8-D2B2-48AD-8754-9F4E664078F5}.Release|Any CPU.ActiveCfg = Release|Any CPU
		{4961FAE8-D2B2-48AD-8754-9F4E664078F5}.Release|Any CPU.Build.0 = Release|Any CPU
	EndGlobalSection
	GlobalSection(SolutionProperties) = preSolution
		HideSolutionNode = FALSE
	EndGlobalSection
	GlobalSection(ExtensibilityGlobals) = postSolution
		SolutionGuid = {5E42C244-5539-4980-B44C-EC92651378E4}
	EndGlobalSection
EndGlobal
