
Microsoft Visual Studio Solution File, Format Version 12.00
# Visual Studio Version 17
VisualStudioVersion = 17.14.36301.6 d17.14
MinimumVisualStudioVersion = 10.0.40219.1
Project("{FAE04EC0-301F-11D3-BF4B-00C04F79EFBC}") = "Trail", "Trail.csproj", "{30737243-4F0A-4159-A9B4-0828BE5FB348}"
EndProject
Global
	GlobalSection(SolutionConfigurationPlatforms) = preSolution
		Debug|Any CPU = Debug|Any CPU
		Release|Any CPU = Release|Any CPU
	EndGlobalSection
	GlobalSection(ProjectConfigurationPlatforms) = postSolution
		{30737243-4F0A-4159-A9B4-0828BE5FB348}.Debug|Any CPU.ActiveCfg = Debug|Any CPU
		{30737243-4F0A-4159-A9B4-0828BE5FB348}.Debug|Any CPU.Build.0 = Debug|Any CPU
		{30737243-4F0A-4159-A9B4-0828BE5FB348}.Release|Any CPU.ActiveCfg = Release|Any CPU
		{30737243-4F0A-4159-A9B4-0828BE5FB348}.Release|Any CPU.Build.0 = Release|Any CPU
	EndGlobalSection
	GlobalSection(SolutionProperties) = preSolution
		HideSolutionNode = FALSE
	EndGlobalSection
	GlobalSection(ExtensibilityGlobals) = postSolution
		SolutionGuid = {E0E3035B-F8EE-4AE8-8CC2-BFC36C04C447}
	EndGlobalSection
EndGlobal
