
Microsoft Visual Studio Solution File, Format Version 12.00
# Visual Studio Version 17
VisualStudioVersion = 17.8.34525.116
MinimumVisualStudioVersion = 10.0.40219.1
Project("{FAE04EC0-301F-11D3-BF4B-00C04F79EFBC}") = "StudentApiClient", "StudentApiClient\StudentApiClient.csproj", "{B320BD5F-9D03-4374-9229-D45EFD19FD56}"
EndProject
Global
	GlobalSection(SolutionConfigurationPlatforms) = preSolution
		Debug|Any CPU = Debug|Any CPU
		Release|Any CPU = Release|Any CPU
	EndGlobalSection
	GlobalSection(ProjectConfigurationPlatforms) = postSolution
		{B320BD5F-9D03-4374-9229-D45EFD19FD56}.Debug|Any CPU.ActiveCfg = Debug|Any CPU
		{B320BD5F-9D03-4374-9229-D45EFD19FD56}.Debug|Any CPU.Build.0 = Debug|Any CPU
		{B320BD5F-9D03-4374-9229-D45EFD19FD56}.Release|Any CPU.ActiveCfg = Release|Any CPU
		{B320BD5F-9D03-4374-9229-D45EFD19FD56}.Release|Any CPU.Build.0 = Release|Any CPU
	EndGlobalSection
	GlobalSection(SolutionProperties) = preSolution
		HideSolutionNode = FALSE
	EndGlobalSection
	GlobalSection(ExtensibilityGlobals) = postSolution
		SolutionGuid = {4E4142D6-2060-48EA-852D-EB0438D274C3}
	EndGlobalSection
EndGlobal
