
Microsoft Visual Studio Solution File, Format Version 12.00
# Visual Studio Version 17
VisualStudioVersion = 17.14.36301.6 d17.14
MinimumVisualStudioVersion = 10.0.40219.1
Project("{FAE04EC0-301F-11D3-BF4B-00C04F79EFBC}") = "SelectionSort", "SelectionSort.csproj", "{03FA2703-2B38-42E3-97A2-D110D02BBCEC}"
EndProject
Global
	GlobalSection(SolutionConfigurationPlatforms) = preSolution
		Debug|Any CPU = Debug|Any CPU
		Release|Any CPU = Release|Any CPU
	EndGlobalSection
	GlobalSection(ProjectConfigurationPlatforms) = postSolution
		{03FA2703-2B38-42E3-97A2-D110D02BBCEC}.Debug|Any CPU.ActiveCfg = Debug|Any CPU
		{03FA2703-2B38-42E3-97A2-D110D02BBCEC}.Debug|Any CPU.Build.0 = Debug|Any CPU
		{03FA2703-2B38-42E3-97A2-D110D02BBCEC}.Release|Any CPU.ActiveCfg = Release|Any CPU
		{03FA2703-2B38-42E3-97A2-D110D02BBCEC}.Release|Any CPU.Build.0 = Release|Any CPU
	EndGlobalSection
	GlobalSection(SolutionProperties) = preSolution
		HideSolutionNode = FALSE
	EndGlobalSection
	GlobalSection(ExtensibilityGlobals) = postSolution
		SolutionGuid = {69B1AF6C-DA80-470A-817B-0BFFC0AEEE19}
	EndGlobalSection
EndGlobal
