
Microsoft Visual Studio Solution File, Format Version 12.00
# Visual Studio Version 17
VisualStudioVersion = 17.8.34525.116
MinimumVisualStudioVersion = 10.0.40219.1
Project("{FAE04EC0-301F-11D3-BF4B-00C04F79EFBC}") = "Ex6 - Person - LSP", "Ex6 - Person - LSP.csproj", "{78F1C325-82F0-4E57-A02A-40F0575413AF}"
EndProject
Global
	GlobalSection(SolutionConfigurationPlatforms) = preSolution
		Debug|Any CPU = Debug|Any CPU
		Release|Any CPU = Release|Any CPU
	EndGlobalSection
	GlobalSection(ProjectConfigurationPlatforms) = postSolution
		{78F1C325-82F0-4E57-A02A-40F0575413AF}.Debug|Any CPU.ActiveCfg = Debug|Any CPU
		{78F1C325-82F0-4E57-A02A-40F0575413AF}.Debug|Any CPU.Build.0 = Debug|Any CPU
		{78F1C325-82F0-4E57-A02A-40F0575413AF}.Release|Any CPU.ActiveCfg = Release|Any CPU
		{78F1C325-82F0-4E57-A02A-40F0575413AF}.Release|Any CPU.Build.0 = Release|Any CPU
	EndGlobalSection
	GlobalSection(SolutionProperties) = preSolution
		HideSolutionNode = FALSE
	EndGlobalSection
	GlobalSection(ExtensibilityGlobals) = postSolution
		SolutionGuid = {4697BBA2-FFDD-4724-9BFD-1F1FC4810EC5}
	EndGlobalSection
EndGlobal
