
Microsoft Visual Studio Solution File, Format Version 12.00
# Visual Studio Version 17
VisualStudioVersion = 17.8.34525.116
MinimumVisualStudioVersion = 10.0.40219.1
Project("{FAE04EC0-301F-11D3-BF4B-00C04F79EFBC}") = "StudentApi", "MyFirstRestAPI_Porject\StudentApi.csproj", "{1E669797-6B35-4255-AD8E-E22E0C9A13AE}"
EndProject
Global
	GlobalSection(SolutionConfigurationPlatforms) = preSolution
		Debug|Any CPU = Debug|Any CPU
		Release|Any CPU = Release|Any CPU
	EndGlobalSection
	GlobalSection(ProjectConfigurationPlatforms) = postSolution
		{1E669797-6B35-4255-AD8E-E22E0C9A13AE}.Debug|Any CPU.ActiveCfg = Debug|Any CPU
		{1E669797-6B35-4255-AD8E-E22E0C9A13AE}.Debug|Any CPU.Build.0 = Debug|Any CPU
		{1E669797-6B35-4255-AD8E-E22E0C9A13AE}.Release|Any CPU.ActiveCfg = Release|Any CPU
		{1E669797-6B35-4255-AD8E-E22E0C9A13AE}.Release|Any CPU.Build.0 = Release|Any CPU
	EndGlobalSection
	GlobalSection(SolutionProperties) = preSolution
		HideSolutionNode = FALSE
	EndGlobalSection
	GlobalSection(ExtensibilityGlobals) = postSolution
		SolutionGuid = {C8482858-2F69-4F63-90E1-B40E468A57DA}
	EndGlobalSection
EndGlobal
