
Microsoft Visual Studio Solution File, Format Version 12.00
# Visual Studio Version 17
VisualStudioVersion = 17.8.34525.116
MinimumVisualStudioVersion = 10.0.40219.1
Project("{FAE04EC0-301F-11D3-BF4B-00C04F79EFBC}") = "LinqWithSortedSetEx2", "LinqWithSortedSetEx2\LinqWithSortedSetEx2.csproj", "{565CDA8E-DB14-455E-8B44-C56645E9BFE4}"
EndProject
Global
	GlobalSection(SolutionConfigurationPlatforms) = preSolution
		Debug|Any CPU = Debug|Any CPU
		Release|Any CPU = Release|Any CPU
	EndGlobalSection
	GlobalSection(ProjectConfigurationPlatforms) = postSolution
		{565CDA8E-DB14-455E-8B44-C56645E9BFE4}.Debug|Any CPU.ActiveCfg = Debug|Any CPU
		{565CDA8E-DB14-455E-8B44-C56645E9BFE4}.Debug|Any CPU.Build.0 = Debug|Any CPU
		{565CDA8E-DB14-455E-8B44-C56645E9BFE4}.Release|Any CPU.ActiveCfg = Release|Any CPU
		{565CDA8E-DB14-455E-8B44-C56645E9BFE4}.Release|Any CPU.Build.0 = Release|Any CPU
	EndGlobalSection
	GlobalSection(SolutionProperties) = preSolution
		HideSolutionNode = FALSE
	EndGlobalSection
	GlobalSection(ExtensibilityGlobals) = postSolution
		SolutionGuid = {313F3AFA-E26D-4E79-838B-D87657700A36}
	EndGlobalSection
EndGlobal
