
Microsoft Visual Studio Solution File, Format Version 12.00
# Visual Studio Version 17
VisualStudioVersion = 17.13.35806.99 d17.13
MinimumVisualStudioVersion = 10.0.40219.1
Project("{FAE04EC0-301F-11D3-BF4B-00C04F79EFBC}") = "Tic-Tac-Toe", "Tic-Tac-Toe.csproj", "{AA7975B7-8581-4985-8CF2-D52A1494AFD9}"
EndProject
Global
	GlobalSection(SolutionConfigurationPlatforms) = preSolution
		Debug|Any CPU = Debug|Any CPU
		Release|Any CPU = Release|Any CPU
	EndGlobalSection
	GlobalSection(ProjectConfigurationPlatforms) = postSolution
		{AA7975B7-8581-4985-8CF2-D52A1494AFD9}.Debug|Any CPU.ActiveCfg = Debug|Any CPU
		{AA7975B7-8581-4985-8CF2-D52A1494AFD9}.Debug|Any CPU.Build.0 = Debug|Any CPU
		{AA7975B7-8581-4985-8CF2-D52A1494AFD9}.Release|Any CPU.ActiveCfg = Release|Any CPU
		{AA7975B7-8581-4985-8CF2-D52A1494AFD9}.Release|Any CPU.Build.0 = Release|Any CPU
	EndGlobalSection
	GlobalSection(SolutionProperties) = preSolution
		HideSolutionNode = FALSE
	EndGlobalSection
	GlobalSection(ExtensibilityGlobals) = postSolution
		SolutionGuid = {6B1E18CD-76B3-4D48-A828-B8FA482DFAE4}
	EndGlobalSection
EndGlobal
