
Microsoft Visual Studio Solution File, Format Version 12.00
# Visual Studio Version 17
VisualStudioVersion = 17.4.33213.308
MinimumVisualStudioVersion = 10.0.40219.1
Project("{FAE04EC0-301F-11D3-BF4B-00C04F79EFBC}") = "RemovingElements", "RemovingElements.csproj", "{436534DE-545C-4024-A1A0-8A0CF7615AEB}"
EndProject
Global
	GlobalSection(SolutionConfigurationPlatforms) = preSolution
		Debug|Any CPU = Debug|Any CPU
		Release|Any CPU = Release|Any CPU
	EndGlobalSection
	GlobalSection(ProjectConfigurationPlatforms) = postSolution
		{436534DE-545C-4024-A1A0-8A0CF7615AEB}.Debug|Any CPU.ActiveCfg = Debug|Any CPU
		{436534DE-545C-4024-A1A0-8A0CF7615AEB}.Debug|Any CPU.Build.0 = Debug|Any CPU
		{436534DE-545C-4024-A1A0-8A0CF7615AEB}.Release|Any CPU.ActiveCfg = Release|Any CPU
		{436534DE-545C-4024-A1A0-8A0CF7615AEB}.Release|Any CPU.Build.0 = Release|Any CPU
	EndGlobalSection
	GlobalSection(SolutionProperties) = preSolution
		HideSolutionNode = FALSE
	EndGlobalSection
	GlobalSection(ExtensibilityGlobals) = postSolution
		SolutionGuid = {667D5A0A-772B-4A4D-BE3B-ACCF2E5BD177}
	EndGlobalSection
EndGlobal
