
Microsoft Visual Studio Solution File, Format Version 12.00
# Visual Studio Version 17
VisualStudioVersion = 17.4.33213.308
MinimumVisualStudioVersion = 10.0.40219.1
Project("{FAE04EC0-301F-11D3-BF4B-00C04F79EFBC}") = "trafic light Project", "trafic light Project.csproj", "{9B50EE4D-8D61-4405-BBFB-0C138F91D284}"
EndProject
Global
	GlobalSection(SolutionConfigurationPlatforms) = preSolution
		Debug|Any CPU = Debug|Any CPU
		Release|Any CPU = Release|Any CPU
	EndGlobalSection
	GlobalSection(ProjectConfigurationPlatforms) = postSolution
		{9B50EE4D-8D61-4405-BBFB-0C138F91D284}.Debug|Any CPU.ActiveCfg = Debug|Any CPU
		{9B50EE4D-8D61-4405-BBFB-0C138F91D284}.Debug|Any CPU.Build.0 = Debug|Any CPU
		{9B50EE4D-8D61-4405-BBFB-0C138F91D284}.Release|Any CPU.ActiveCfg = Release|Any CPU
		{9B50EE4D-8D61-4405-BBFB-0C138F91D284}.Release|Any CPU.Build.0 = Release|Any CPU
	EndGlobalSection
	GlobalSection(SolutionProperties) = preSolution
		HideSolutionNode = FALSE
	EndGlobalSection
	GlobalSection(ExtensibilityGlobals) = postSolution
		SolutionGuid = {28F4F743-F00A-461D-A7A5-DCAEA0BD41B9}
	EndGlobalSection
EndGlobal
