
Microsoft Visual Studio Solution File, Format Version 12.00
# Visual Studio Version 17
VisualStudioVersion = 17.4.33213.308
MinimumVisualStudioVersion = 10.0.40219.1
Project("{FAE04EC0-301F-11D3-BF4B-00C04F79EFBC}") = "LinqWithDictionary", "LinqWithDictionary.csproj", "{829D3A85-9A37-443A-B91B-B570EF6F8E4D}"
EndProject
Global
	GlobalSection(SolutionConfigurationPlatforms) = preSolution
		Debug|Any CPU = Debug|Any CPU
		Release|Any CPU = Release|Any CPU
	EndGlobalSection
	GlobalSection(ProjectConfigurationPlatforms) = postSolution
		{829D3A85-9A37-443A-B91B-B570EF6F8E4D}.Debug|Any CPU.ActiveCfg = Debug|Any CPU
		{829D3A85-9A37-443A-B91B-B570EF6F8E4D}.Debug|Any CPU.Build.0 = Debug|Any CPU
		{829D3A85-9A37-443A-B91B-B570EF6F8E4D}.Release|Any CPU.ActiveCfg = Release|Any CPU
		{829D3A85-9A37-443A-B91B-B570EF6F8E4D}.Release|Any CPU.Build.0 = Release|Any CPU
	EndGlobalSection
	GlobalSection(SolutionProperties) = preSolution
		HideSolutionNode = FALSE
	EndGlobalSection
	GlobalSection(ExtensibilityGlobals) = postSolution
		SolutionGuid = {5A57DF86-BAEA-4146-8186-DF9D5A6937C2}
	EndGlobalSection
EndGlobal
