
Microsoft Visual Studio Solution File, Format Version 12.00
# Visual Studio Version 17
VisualStudioVersion = 17.4.33213.308
MinimumVisualStudioVersion = 10.0.40219.1
Project("{FAE04EC0-301F-11D3-BF4B-00C04F79EFBC}") = "Menu Strip Sample", "Menu Strip Sample.csproj", "{179C99BA-84C5-469D-A071-6935F90DD139}"
EndProject
Global
	GlobalSection(SolutionConfigurationPlatforms) = preSolution
		Debug|Any CPU = Debug|Any CPU
		Release|Any CPU = Release|Any CPU
	EndGlobalSection
	GlobalSection(ProjectConfigurationPlatforms) = postSolution
		{179C99BA-84C5-469D-A071-6935F90DD139}.Debug|Any CPU.ActiveCfg = Debug|Any CPU
		{179C99BA-84C5-469D-A071-6935F90DD139}.Debug|Any CPU.Build.0 = Debug|Any CPU
		{179C99BA-84C5-469D-A071-6935F90DD139}.Release|Any CPU.ActiveCfg = Release|Any CPU
		{179C99BA-84C5-469D-A071-6935F90DD139}.Release|Any CPU.Build.0 = Release|Any CPU
	EndGlobalSection
	GlobalSection(SolutionProperties) = preSolution
		HideSolutionNode = FALSE
	EndGlobalSection
	GlobalSection(ExtensibilityGlobals) = postSolution
		SolutionGuid = {747FDB01-0283-48CD-8C1E-E8952731567E}
	EndGlobalSection
EndGlobal
