
Microsoft Visual Studio Solution File, Format Version 12.00
# Visual Studio Version 17
VisualStudioVersion = 17.8.34525.116
MinimumVisualStudioVersion = 10.0.40219.1
Project("{FAE04EC0-301F-11D3-BF4B-00C04F79EFBC}") = "LoggingService", "LoggingService.csproj", "{1B780C17-9857-4CF4-A90A-795BA250C314}"
EndProject
Global
	GlobalSection(SolutionConfigurationPlatforms) = preSolution
		Debug|Any CPU = Debug|Any CPU
		Release|Any CPU = Release|Any CPU
	EndGlobalSection
	GlobalSection(ProjectConfigurationPlatforms) = postSolution
		{1B780C17-9857-4CF4-A90A-795BA250C314}.Debug|Any CPU.ActiveCfg = Debug|Any CPU
		{1B780C17-9857-4CF4-A90A-795BA250C314}.Debug|Any CPU.Build.0 = Debug|Any CPU
		{1B780C17-9857-4CF4-A90A-795BA250C314}.Release|Any CPU.ActiveCfg = Release|Any CPU
		{1B780C17-9857-4CF4-A90A-795BA250C314}.Release|Any CPU.Build.0 = Release|Any CPU
	EndGlobalSection
	GlobalSection(SolutionProperties) = preSolution
		HideSolutionNode = FALSE
	EndGlobalSection
	GlobalSection(ExtensibilityGlobals) = postSolution
		SolutionGuid = {311419CD-7F7A-4317-BE0C-A0398C85CB14}
	EndGlobalSection
EndGlobal
