
Microsoft Visual Studio Solution File, Format Version 12.00
# Visual Studio Version 17
VisualStudioVersion = 17.4.33403.182
MinimumVisualStudioVersion = 10.0.40219.1
Project("{FAE04EC0-301F-11D3-BF4B-00C04F79EFBC}") = "Retrieve All Contacts with Parameters", "Retrieve All Contacts with Parameters.csproj", "{BF818955-07DE-4558-9A96-4D366F06FA00}"
EndProject
Global
	GlobalSection(SolutionConfigurationPlatforms) = preSolution
		Debug|Any CPU = Debug|Any CPU
		Release|Any CPU = Release|Any CPU
	EndGlobalSection
	GlobalSection(ProjectConfigurationPlatforms) = postSolution
		{BF818955-07DE-4558-9A96-4D366F06FA00}.Debug|Any CPU.ActiveCfg = Debug|Any CPU
		{BF818955-07DE-4558-9A96-4D366F06FA00}.Debug|Any CPU.Build.0 = Debug|Any CPU
		{BF818955-07DE-4558-9A96-4D366F06FA00}.Release|Any CPU.ActiveCfg = Release|Any CPU
		{BF818955-07DE-4558-9A96-4D366F06FA00}.Release|Any CPU.Build.0 = Release|Any CPU
	EndGlobalSection
	GlobalSection(SolutionProperties) = preSolution
		HideSolutionNode = FALSE
	EndGlobalSection
	GlobalSection(ExtensibilityGlobals) = postSolution
		SolutionGuid = {EA76D118-0C98-47EB-853F-FBE82017A91F}
	EndGlobalSection
EndGlobal
